
Microsoft Visual Studio Solution File, Format Version 12.00
# Visual Studio 15
VisualStudioVersion = 15.0.26430.16
MinimumVisualStudioVersion = 10.0.40219.1
Project("{9A19103F-16F7-4668-BE54-9A1E7A4F7556}") = "Diassoft.Mvvm", "Diassoft.Mvvm\Diassoft.Mvvm.csproj", "{1D0155F7-AC11-400B-B2FD-B97E25861D22}"
EndProject
Project("{9A19103F-16F7-4668-BE54-9A1E7A4F7556}") = "Diassoft.DataAccess", "Diassoft.DataAccess\Diassoft.DataAccess.csproj", "{94C98AB0-F5A1-446C-816D-183E63F5CDD7}"
EndProject
Project("{FAE04EC0-301F-11D3-BF4B-00C04F79EFBC}") = "Diassoft.DataAccess.Tests", "Diassoft.DataAccess.Tests\Diassoft.DataAccess.Tests.csproj", "{E62F86E9-442A-4C45-96ED-6C987B7C669E}"
EndProject
Project("{9A19103F-16F7-4668-BE54-9A1E7A4F7556}") = "Diassoft.Intelligence", "Diassoft.Intelligence\Diassoft.Intelligence.csproj", "{00F03184-BF62-4322-A340-3CA4125462F3}"
EndProject
Project("{FAE04EC0-301F-11D3-BF4B-00C04F79EFBC}") = "Diassoft.Intelligence.Tests", "Diassoft.Intelligence.Tests\Diassoft.Intelligence.Tests.csproj", "{3AEAABD0-F310-47D2-87A4-3E813EEE4F1D}"
EndProject
Project("{9A19103F-16F7-4668-BE54-9A1E7A4F7556}") = "Diassoft.Utilities", "Diassoft.Utilities\Diassoft.Utilities.csproj", "{6AC0DBAE-7DC2-4B76-9E4E-B20866AEA7D5}"
EndProject
Project("{FAE04EC0-301F-11D3-BF4B-00C04F79EFBC}") = "Diassoft.Utilities.Tests", "Diassoft.Utilities.Tests\Diassoft.Utilities.Tests.csproj", "{E5EF66A3-4488-4A7B-BE1E-66C0470AD7C0}"
EndProject
Project("{FAE04EC0-301F-11D3-BF4B-00C04F79EFBC}") = "Diassoft.CodeSnippets", "Diassoft.CodeSnippets\Diassoft.CodeSnippets.csproj", "{E4C54800-4F95-432A-BC88-B0F22EA83E41}"
EndProject
Project("{FAE04EC0-301F-11D3-BF4B-00C04F79EFBC}") = "Diassoft.Mvvm.Wpf.AppTest", "Diassoft.Mvvm.Wpf.AppTest\Diassoft.Mvvm.Wpf.AppTest.csproj", "{477AEDE5-A5FE-44A8-8C21-1D5929C8E2FD}"
EndProject
Project("{FAE04EC0-301F-11D3-BF4B-00C04F79EFBC}") = "Diassoft.Mvvm.UWP.AppTest", "Diassoft.Mvvm.UWP.AppTest\Diassoft.Mvvm.UWP.AppTest.csproj", "{29B25285-C551-4196-86A6-7EF8AF16F0BC}"
EndProject
Project("{2150E333-8FDC-42A3-9474-1A3956D46DE8}") = "Diassoft Mvvm", "Diassoft Mvvm", "{0B5A7F77-5DA8-4343-9C00-795C6DE1A575}"
EndProject
Project("{2150E333-8FDC-42A3-9474-1A3956D46DE8}") = "Diassoft DataAccess", "Diassoft DataAccess", "{717CA02A-2135-4E84-82F9-112DD1A646D5}"
EndProject
Global
	GlobalSection(SolutionConfigurationPlatforms) = preSolution
		Ad-Hoc|Any CPU = Ad-Hoc|Any CPU
		Ad-Hoc|ARM = Ad-Hoc|ARM
		Ad-Hoc|iPhone = Ad-Hoc|iPhone
		Ad-Hoc|iPhoneSimulator = Ad-Hoc|iPhoneSimulator
		Ad-Hoc|x64 = Ad-Hoc|x64
		Ad-Hoc|x86 = Ad-Hoc|x86
		AppStore|Any CPU = AppStore|Any CPU
		AppStore|ARM = AppStore|ARM
		AppStore|iPhone = AppStore|iPhone
		AppStore|iPhoneSimulator = AppStore|iPhoneSimulator
		AppStore|x64 = AppStore|x64
		AppStore|x86 = AppStore|x86
		Debug|Any CPU = Debug|Any CPU
		Debug|ARM = Debug|ARM
		Debug|iPhone = Debug|iPhone
		Debug|iPhoneSimulator = Debug|iPhoneSimulator
		Debug|x64 = Debug|x64
		Debug|x86 = Debug|x86
		Release|Any CPU = Release|Any CPU
		Release|ARM = Release|ARM
		Release|iPhone = Release|iPhone
		Release|iPhoneSimulator = Release|iPhoneSimulator
		Release|x64 = Release|x64
		Release|x86 = Release|x86
	EndGlobalSection
	GlobalSection(ProjectConfigurationPlatforms) = postSolution
		{1D0155F7-AC11-400B-B2FD-B97E25861D22}.Ad-Hoc|Any CPU.ActiveCfg = Release|Any CPU
		{1D0155F7-AC11-400B-B2FD-B97E25861D22}.Ad-Hoc|Any CPU.Build.0 = Release|Any CPU
		{1D0155F7-AC11-400B-B2FD-B97E25861D22}.Ad-Hoc|ARM.ActiveCfg = Release|Any CPU
		{1D0155F7-AC11-400B-B2FD-B97E25861D22}.Ad-Hoc|ARM.Build.0 = Release|Any CPU
		{1D0155F7-AC11-400B-B2FD-B97E25861D22}.Ad-Hoc|iPhone.ActiveCfg = Release|Any CPU
		{1D0155F7-AC11-400B-B2FD-B97E25861D22}.Ad-Hoc|iPhone.Build.0 = Release|Any CPU
		{1D0155F7-AC11-400B-B2FD-B97E25861D22}.Ad-Hoc|iPhoneSimulator.ActiveCfg = Release|Any CPU
		{1D0155F7-AC11-400B-B2FD-B97E25861D22}.Ad-Hoc|iPhoneSimulator.Build.0 = Release|Any CPU
		{1D0155F7-AC11-400B-B2FD-B97E25861D22}.Ad-Hoc|x64.ActiveCfg = Release|Any CPU
		{1D0155F7-AC11-400B-B2FD-B97E25861D22}.Ad-Hoc|x64.Build.0 = Release|Any CPU
		{1D0155F7-AC11-400B-B2FD-B97E25861D22}.Ad-Hoc|x86.ActiveCfg = Release|Any CPU
		{1D0155F7-AC11-400B-B2FD-B97E25861D22}.Ad-Hoc|x86.Build.0 = Release|Any CPU
		{1D0155F7-AC11-400B-B2FD-B97E25861D22}.AppStore|Any CPU.ActiveCfg = Release|Any CPU
		{1D0155F7-AC11-400B-B2FD-B97E25861D22}.AppStore|Any CPU.Build.0 = Release|Any CPU
		{1D0155F7-AC11-400B-B2FD-B97E25861D22}.AppStore|ARM.ActiveCfg = Release|Any CPU
		{1D0155F7-AC11-400B-B2FD-B97E25861D22}.AppStore|ARM.Build.0 = Release|Any CPU
		{1D0155F7-AC11-400B-B2FD-B97E25861D22}.AppStore|iPhone.ActiveCfg = Release|Any CPU
		{1D0155F7-AC11-400B-B2FD-B97E25861D22}.AppStore|iPhone.Build.0 = Release|Any CPU
		{1D0155F7-AC11-400B-B2FD-B97E25861D22}.AppStore|iPhoneSimulator.ActiveCfg = Release|Any CPU
		{1D0155F7-AC11-400B-B2FD-B97E25861D22}.AppStore|iPhoneSimulator.Build.0 = Release|Any CPU
		{1D0155F7-AC11-400B-B2FD-B97E25861D22}.AppStore|x64.ActiveCfg = Release|Any CPU
		{1D0155F7-AC11-400B-B2FD-B97E25861D22}.AppStore|x64.Build.0 = Release|Any CPU
		{1D0155F7-AC11-400B-B2FD-B97E25861D22}.AppStore|x86.ActiveCfg = Release|Any CPU
		{1D0155F7-AC11-400B-B2FD-B97E25861D22}.AppStore|x86.Build.0 = Release|Any CPU
		{1D0155F7-AC11-400B-B2FD-B97E25861D22}.Debug|Any CPU.ActiveCfg = Debug|Any CPU
		{1D0155F7-AC11-400B-B2FD-B97E25861D22}.Debug|Any CPU.Build.0 = Debug|Any CPU
		{1D0155F7-AC11-400B-B2FD-B97E25861D22}.Debug|ARM.ActiveCfg = Debug|Any CPU
		{1D0155F7-AC11-400B-B2FD-B97E25861D22}.Debug|ARM.Build.0 = Debug|Any CPU
		{1D0155F7-AC11-400B-B2FD-B97E25861D22}.Debug|iPhone.ActiveCfg = Debug|Any CPU
		{1D0155F7-AC11-400B-B2FD-B97E25861D22}.Debug|iPhone.Build.0 = Debug|Any CPU
		{1D0155F7-AC11-400B-B2FD-B97E25861D22}.Debug|iPhoneSimulator.ActiveCfg = Debug|Any CPU
		{1D0155F7-AC11-400B-B2FD-B97E25861D22}.Debug|iPhoneSimulator.Build.0 = Debug|Any CPU
		{1D0155F7-AC11-400B-B2FD-B97E25861D22}.Debug|x64.ActiveCfg = Debug|Any CPU
		{1D0155F7-AC11-400B-B2FD-B97E25861D22}.Debug|x64.Build.0 = Debug|Any CPU
		{1D0155F7-AC11-400B-B2FD-B97E25861D22}.Debug|x86.ActiveCfg = Debug|Any CPU
		{1D0155F7-AC11-400B-B2FD-B97E25861D22}.Debug|x86.Build.0 = Debug|Any CPU
		{1D0155F7-AC11-400B-B2FD-B97E25861D22}.Release|Any CPU.ActiveCfg = Release|Any CPU
		{1D0155F7-AC11-400B-B2FD-B97E25861D22}.Release|Any CPU.Build.0 = Release|Any CPU
		{1D0155F7-AC11-400B-B2FD-B97E25861D22}.Release|ARM.ActiveCfg = Release|Any CPU
		{1D0155F7-AC11-400B-B2FD-B97E25861D22}.Release|ARM.Build.0 = Release|Any CPU
		{1D0155F7-AC11-400B-B2FD-B97E25861D22}.Release|iPhone.ActiveCfg = Release|Any CPU
		{1D0155F7-AC11-400B-B2FD-B97E25861D22}.Release|iPhone.Build.0 = Release|Any CPU
		{1D0155F7-AC11-400B-B2FD-B97E25861D22}.Release|iPhoneSimulator.ActiveCfg = Release|Any CPU
		{1D0155F7-AC11-400B-B2FD-B97E25861D22}.Release|iPhoneSimulator.Build.0 = Release|Any CPU
		{1D0155F7-AC11-400B-B2FD-B97E25861D22}.Release|x64.ActiveCfg = Release|Any CPU
		{1D0155F7-AC11-400B-B2FD-B97E25861D22}.Release|x64.Build.0 = Release|Any CPU
		{1D0155F7-AC11-400B-B2FD-B97E25861D22}.Release|x86.ActiveCfg = Release|Any CPU
		{1D0155F7-AC11-400B-B2FD-B97E25861D22}.Release|x86.Build.0 = Release|Any CPU
		{94C98AB0-F5A1-446C-816D-183E63F5CDD7}.Ad-Hoc|Any CPU.ActiveCfg = Release|Any CPU
		{94C98AB0-F5A1-446C-816D-183E63F5CDD7}.Ad-Hoc|Any CPU.Build.0 = Release|Any CPU
		{94C98AB0-F5A1-446C-816D-183E63F5CDD7}.Ad-Hoc|ARM.ActiveCfg = Release|Any CPU
		{94C98AB0-F5A1-446C-816D-183E63F5CDD7}.Ad-Hoc|ARM.Build.0 = Release|Any CPU
		{94C98AB0-F5A1-446C-816D-183E63F5CDD7}.Ad-Hoc|iPhone.ActiveCfg = Release|Any CPU
		{94C98AB0-F5A1-446C-816D-183E63F5CDD7}.Ad-Hoc|iPhone.Build.0 = Release|Any CPU
		{94C98AB0-F5A1-446C-816D-183E63F5CDD7}.Ad-Hoc|iPhoneSimulator.ActiveCfg = Release|Any CPU
		{94C98AB0-F5A1-446C-816D-183E63F5CDD7}.Ad-Hoc|iPhoneSimulator.Build.0 = Release|Any CPU
		{94C98AB0-F5A1-446C-816D-183E63F5CDD7}.Ad-Hoc|x64.ActiveCfg = Release|Any CPU
		{94C98AB0-F5A1-446C-816D-183E63F5CDD7}.Ad-Hoc|x64.Build.0 = Release|Any CPU
		{94C98AB0-F5A1-446C-816D-183E63F5CDD7}.Ad-Hoc|x86.ActiveCfg = Release|Any CPU
		{94C98AB0-F5A1-446C-816D-183E63F5CDD7}.Ad-Hoc|x86.Build.0 = Release|Any CPU
		{94C98AB0-F5A1-446C-816D-183E63F5CDD7}.AppStore|Any CPU.ActiveCfg = Release|Any CPU
		{94C98AB0-F5A1-446C-816D-183E63F5CDD7}.AppStore|Any CPU.Build.0 = Release|Any CPU
		{94C98AB0-F5A1-446C-816D-183E63F5CDD7}.AppStore|ARM.ActiveCfg = Release|Any CPU
		{94C98AB0-F5A1-446C-816D-183E63F5CDD7}.AppStore|ARM.Build.0 = Release|Any CPU
		{94C98AB0-F5A1-446C-816D-183E63F5CDD7}.AppStore|iPhone.ActiveCfg = Release|Any CPU
		{94C98AB0-F5A1-446C-816D-183E63F5CDD7}.AppStore|iPhone.Build.0 = Release|Any CPU
		{94C98AB0-F5A1-446C-816D-183E63F5CDD7}.AppStore|iPhoneSimulator.ActiveCfg = Release|Any CPU
		{94C98AB0-F5A1-446C-816D-183E63F5CDD7}.AppStore|iPhoneSimulator.Build.0 = Release|Any CPU
		{94C98AB0-F5A1-446C-816D-183E63F5CDD7}.AppStore|x64.ActiveCfg = Release|Any CPU
		{94C98AB0-F5A1-446C-816D-183E63F5CDD7}.AppStore|x64.Build.0 = Release|Any CPU
		{94C98AB0-F5A1-446C-816D-183E63F5CDD7}.AppStore|x86.ActiveCfg = Release|Any CPU
		{94C98AB0-F5A1-446C-816D-183E63F5CDD7}.AppStore|x86.Build.0 = Release|Any CPU
		{94C98AB0-F5A1-446C-816D-183E63F5CDD7}.Debug|Any CPU.ActiveCfg = Debug|Any CPU
		{94C98AB0-F5A1-446C-816D-183E63F5CDD7}.Debug|Any CPU.Build.0 = Debug|Any CPU
		{94C98AB0-F5A1-446C-816D-183E63F5CDD7}.Debug|ARM.ActiveCfg = Debug|Any CPU
		{94C98AB0-F5A1-446C-816D-183E63F5CDD7}.Debug|ARM.Build.0 = Debug|Any CPU
		{94C98AB0-F5A1-446C-816D-183E63F5CDD7}.Debug|iPhone.ActiveCfg = Debug|Any CPU
		{94C98AB0-F5A1-446C-816D-183E63F5CDD7}.Debug|iPhone.Build.0 = Debug|Any CPU
		{94C98AB0-F5A1-446C-816D-183E63F5CDD7}.Debug|iPhoneSimulator.ActiveCfg = Debug|Any CPU
		{94C98AB0-F5A1-446C-816D-183E63F5CDD7}.Debug|iPhoneSimulator.Build.0 = Debug|Any CPU
		{94C98AB0-F5A1-446C-816D-183E63F5CDD7}.Debug|x64.ActiveCfg = Debug|Any CPU
		{94C98AB0-F5A1-446C-816D-183E63F5CDD7}.Debug|x64.Build.0 = Debug|Any CPU
		{94C98AB0-F5A1-446C-816D-183E63F5CDD7}.Debug|x86.ActiveCfg = Debug|Any CPU
		{94C98AB0-F5A1-446C-816D-183E63F5CDD7}.Debug|x86.Build.0 = Debug|Any CPU
		{94C98AB0-F5A1-446C-816D-183E63F5CDD7}.Release|Any CPU.ActiveCfg = Release|Any CPU
		{94C98AB0-F5A1-446C-816D-183E63F5CDD7}.Release|Any CPU.Build.0 = Release|Any CPU
		{94C98AB0-F5A1-446C-816D-183E63F5CDD7}.Release|ARM.ActiveCfg = Release|Any CPU
		{94C98AB0-F5A1-446C-816D-183E63F5CDD7}.Release|ARM.Build.0 = Release|Any CPU
		{94C98AB0-F5A1-446C-816D-183E63F5CDD7}.Release|iPhone.ActiveCfg = Release|Any CPU
		{94C98AB0-F5A1-446C-816D-183E63F5CDD7}.Release|iPhone.Build.0 = Release|Any CPU
		{94C98AB0-F5A1-446C-816D-183E63F5CDD7}.Release|iPhoneSimulator.ActiveCfg = Release|Any CPU
		{94C98AB0-F5A1-446C-816D-183E63F5CDD7}.Release|iPhoneSimulator.Build.0 = Release|Any CPU
		{94C98AB0-F5A1-446C-816D-183E63F5CDD7}.Release|x64.ActiveCfg = Release|Any CPU
		{94C98AB0-F5A1-446C-816D-183E63F5CDD7}.Release|x64.Build.0 = Release|Any CPU
		{94C98AB0-F5A1-446C-816D-183E63F5CDD7}.Release|x86.ActiveCfg = Release|Any CPU
		{94C98AB0-F5A1-446C-816D-183E63F5CDD7}.Release|x86.Build.0 = Release|Any CPU
		{E62F86E9-442A-4C45-96ED-6C987B7C669E}.Ad-Hoc|Any CPU.ActiveCfg = Release|Any CPU
		{E62F86E9-442A-4C45-96ED-6C987B7C669E}.Ad-Hoc|Any CPU.Build.0 = Release|Any CPU
		{E62F86E9-442A-4C45-96ED-6C987B7C669E}.Ad-Hoc|ARM.ActiveCfg = Release|Any CPU
		{E62F86E9-442A-4C45-96ED-6C987B7C669E}.Ad-Hoc|ARM.Build.0 = Release|Any CPU
		{E62F86E9-442A-4C45-96ED-6C987B7C669E}.Ad-Hoc|iPhone.ActiveCfg = Release|Any CPU
		{E62F86E9-442A-4C45-96ED-6C987B7C669E}.Ad-Hoc|iPhone.Build.0 = Release|Any CPU
		{E62F86E9-442A-4C45-96ED-6C987B7C669E}.Ad-Hoc|iPhoneSimulator.ActiveCfg = Release|Any CPU
		{E62F86E9-442A-4C45-96ED-6C987B7C669E}.Ad-Hoc|iPhoneSimulator.Build.0 = Release|Any CPU
		{E62F86E9-442A-4C45-96ED-6C987B7C669E}.Ad-Hoc|x64.ActiveCfg = Release|Any CPU
		{E62F86E9-442A-4C45-96ED-6C987B7C669E}.Ad-Hoc|x64.Build.0 = Release|Any CPU
		{E62F86E9-442A-4C45-96ED-6C987B7C669E}.Ad-Hoc|x86.ActiveCfg = Release|Any CPU
		{E62F86E9-442A-4C45-96ED-6C987B7C669E}.Ad-Hoc|x86.Build.0 = Release|Any CPU
		{E62F86E9-442A-4C45-96ED-6C987B7C669E}.AppStore|Any CPU.ActiveCfg = Release|Any CPU
		{E62F86E9-442A-4C45-96ED-6C987B7C669E}.AppStore|Any CPU.Build.0 = Release|Any CPU
		{E62F86E9-442A-4C45-96ED-6C987B7C669E}.AppStore|ARM.ActiveCfg = Release|Any CPU
		{E62F86E9-442A-4C45-96ED-6C987B7C669E}.AppStore|ARM.Build.0 = Release|Any CPU
		{E62F86E9-442A-4C45-96ED-6C987B7C669E}.AppStore|iPhone.ActiveCfg = Release|Any CPU
		{E62F86E9-442A-4C45-96ED-6C987B7C669E}.AppStore|iPhone.Build.0 = Release|Any CPU
		{E62F86E9-442A-4C45-96ED-6C987B7C669E}.AppStore|iPhoneSimulator.ActiveCfg = Release|Any CPU
		{E62F86E9-442A-4C45-96ED-6C987B7C669E}.AppStore|iPhoneSimulator.Build.0 = Release|Any CPU
		{E62F86E9-442A-4C45-96ED-6C987B7C669E}.AppStore|x64.ActiveCfg = Release|Any CPU
		{E62F86E9-442A-4C45-96ED-6C987B7C669E}.AppStore|x64.Build.0 = Release|Any CPU
		{E62F86E9-442A-4C45-96ED-6C987B7C669E}.AppStore|x86.ActiveCfg = Release|Any CPU
		{E62F86E9-442A-4C45-96ED-6C987B7C669E}.AppStore|x86.Build.0 = Release|Any CPU
		{E62F86E9-442A-4C45-96ED-6C987B7C669E}.Debug|Any CPU.ActiveCfg = Debug|Any CPU
		{E62F86E9-442A-4C45-96ED-6C987B7C669E}.Debug|Any CPU.Build.0 = Debug|Any CPU
		{E62F86E9-442A-4C45-96ED-6C987B7C669E}.Debug|ARM.ActiveCfg = Debug|Any CPU
		{E62F86E9-442A-4C45-96ED-6C987B7C669E}.Debug|ARM.Build.0 = Debug|Any CPU
		{E62F86E9-442A-4C45-96ED-6C987B7C669E}.Debug|iPhone.ActiveCfg = Debug|Any CPU
		{E62F86E9-442A-4C45-96ED-6C987B7C669E}.Debug|iPhone.Build.0 = Debug|Any CPU
		{E62F86E9-442A-4C45-96ED-6C987B7C669E}.Debug|iPhoneSimulator.ActiveCfg = Debug|Any CPU
		{E62F86E9-442A-4C45-96ED-6C987B7C669E}.Debug|iPhoneSimulator.Build.0 = Debug|Any CPU
		{E62F86E9-442A-4C45-96ED-6C987B7C669E}.Debug|x64.ActiveCfg = Debug|Any CPU
		{E62F86E9-442A-4C45-96ED-6C987B7C669E}.Debug|x64.Build.0 = Debug|Any CPU
		{E62F86E9-442A-4C45-96ED-6C987B7C669E}.Debug|x86.ActiveCfg = Debug|Any CPU
		{E62F86E9-442A-4C45-96ED-6C987B7C669E}.Debug|x86.Build.0 = Debug|Any CPU
		{E62F86E9-442A-4C45-96ED-6C987B7C669E}.Release|Any CPU.ActiveCfg = Release|Any CPU
		{E62F86E9-442A-4C45-96ED-6C987B7C669E}.Release|Any CPU.Build.0 = Release|Any CPU
		{E62F86E9-442A-4C45-96ED-6C987B7C669E}.Release|ARM.ActiveCfg = Release|Any CPU
		{E62F86E9-442A-4C45-96ED-6C987B7C669E}.Release|ARM.Build.0 = Release|Any CPU
		{E62F86E9-442A-4C45-96ED-6C987B7C669E}.Release|iPhone.ActiveCfg = Release|Any CPU
		{E62F86E9-442A-4C45-96ED-6C987B7C669E}.Release|iPhone.Build.0 = Release|Any CPU
		{E62F86E9-442A-4C45-96ED-6C987B7C669E}.Release|iPhoneSimulator.ActiveCfg = Release|Any CPU
		{E62F86E9-442A-4C45-96ED-6C987B7C669E}.Release|iPhoneSimulator.Build.0 = Release|Any CPU
		{E62F86E9-442A-4C45-96ED-6C987B7C669E}.Release|x64.ActiveCfg = Release|Any CPU
		{E62F86E9-442A-4C45-96ED-6C987B7C669E}.Release|x64.Build.0 = Release|Any CPU
		{E62F86E9-442A-4C45-96ED-6C987B7C669E}.Release|x86.ActiveCfg = Release|Any CPU
		{E62F86E9-442A-4C45-96ED-6C987B7C669E}.Release|x86.Build.0 = Release|Any CPU
		{00F03184-BF62-4322-A340-3CA4125462F3}.Ad-Hoc|Any CPU.ActiveCfg = Release|Any CPU
		{00F03184-BF62-4322-A340-3CA4125462F3}.Ad-Hoc|Any CPU.Build.0 = Release|Any CPU
		{00F03184-BF62-4322-A340-3CA4125462F3}.Ad-Hoc|ARM.ActiveCfg = Release|Any CPU
		{00F03184-BF62-4322-A340-3CA4125462F3}.Ad-Hoc|ARM.Build.0 = Release|Any CPU
		{00F03184-BF62-4322-A340-3CA4125462F3}.Ad-Hoc|iPhone.ActiveCfg = Release|Any CPU
		{00F03184-BF62-4322-A340-3CA4125462F3}.Ad-Hoc|iPhone.Build.0 = Release|Any CPU
		{00F03184-BF62-4322-A340-3CA4125462F3}.Ad-Hoc|iPhoneSimulator.ActiveCfg = Release|Any CPU
		{00F03184-BF62-4322-A340-3CA4125462F3}.Ad-Hoc|iPhoneSimulator.Build.0 = Release|Any CPU
		{00F03184-BF62-4322-A340-3CA4125462F3}.Ad-Hoc|x64.ActiveCfg = Release|Any CPU
		{00F03184-BF62-4322-A340-3CA4125462F3}.Ad-Hoc|x64.Build.0 = Release|Any CPU
		{00F03184-BF62-4322-A340-3CA4125462F3}.Ad-Hoc|x86.ActiveCfg = Release|Any CPU
		{00F03184-BF62-4322-A340-3CA4125462F3}.Ad-Hoc|x86.Build.0 = Release|Any CPU
		{00F03184-BF62-4322-A340-3CA4125462F3}.AppStore|Any CPU.ActiveCfg = Release|Any CPU
		{00F03184-BF62-4322-A340-3CA4125462F3}.AppStore|Any CPU.Build.0 = Release|Any CPU
		{00F03184-BF62-4322-A340-3CA4125462F3}.AppStore|ARM.ActiveCfg = Release|Any CPU
		{00F03184-BF62-4322-A340-3CA4125462F3}.AppStore|ARM.Build.0 = Release|Any CPU
		{00F03184-BF62-4322-A340-3CA4125462F3}.AppStore|iPhone.ActiveCfg = Release|Any CPU
		{00F03184-BF62-4322-A340-3CA4125462F3}.AppStore|iPhone.Build.0 = Release|Any CPU
		{00F03184-BF62-4322-A340-3CA4125462F3}.AppStore|iPhoneSimulator.ActiveCfg = Release|Any CPU
		{00F03184-BF62-4322-A340-3CA4125462F3}.AppStore|iPhoneSimulator.Build.0 = Release|Any CPU
		{00F03184-BF62-4322-A340-3CA4125462F3}.AppStore|x64.ActiveCfg = Release|Any CPU
		{00F03184-BF62-4322-A340-3CA4125462F3}.AppStore|x64.Build.0 = Release|Any CPU
		{00F03184-BF62-4322-A340-3CA4125462F3}.AppStore|x86.ActiveCfg = Release|Any CPU
		{00F03184-BF62-4322-A340-3CA4125462F3}.AppStore|x86.Build.0 = Release|Any CPU
		{00F03184-BF62-4322-A340-3CA4125462F3}.Debug|Any CPU.ActiveCfg = Debug|Any CPU
		{00F03184-BF62-4322-A340-3CA4125462F3}.Debug|Any CPU.Build.0 = Debug|Any CPU
		{00F03184-BF62-4322-A340-3CA4125462F3}.Debug|ARM.ActiveCfg = Debug|Any CPU
		{00F03184-BF62-4322-A340-3CA4125462F3}.Debug|ARM.Build.0 = Debug|Any CPU
		{00F03184-BF62-4322-A340-3CA4125462F3}.Debug|iPhone.ActiveCfg = Debug|Any CPU
		{00F03184-BF62-4322-A340-3CA4125462F3}.Debug|iPhone.Build.0 = Debug|Any CPU
		{00F03184-BF62-4322-A340-3CA4125462F3}.Debug|iPhoneSimulator.ActiveCfg = Debug|Any CPU
		{00F03184-BF62-4322-A340-3CA4125462F3}.Debug|iPhoneSimulator.Build.0 = Debug|Any CPU
		{00F03184-BF62-4322-A340-3CA4125462F3}.Debug|x64.ActiveCfg = Debug|Any CPU
		{00F03184-BF62-4322-A340-3CA4125462F3}.Debug|x64.Build.0 = Debug|Any CPU
		{00F03184-BF62-4322-A340-3CA4125462F3}.Debug|x86.ActiveCfg = Debug|Any CPU
		{00F03184-BF62-4322-A340-3CA4125462F3}.Debug|x86.Build.0 = Debug|Any CPU
		{00F03184-BF62-4322-A340-3CA4125462F3}.Release|Any CPU.ActiveCfg = Release|Any CPU
		{00F03184-BF62-4322-A340-3CA4125462F3}.Release|Any CPU.Build.0 = Release|Any CPU
		{00F03184-BF62-4322-A340-3CA4125462F3}.Release|ARM.ActiveCfg = Release|Any CPU
		{00F03184-BF62-4322-A340-3CA4125462F3}.Release|ARM.Build.0 = Release|Any CPU
		{00F03184-BF62-4322-A340-3CA4125462F3}.Release|iPhone.ActiveCfg = Release|Any CPU
		{00F03184-BF62-4322-A340-3CA4125462F3}.Release|iPhone.Build.0 = Release|Any CPU
		{00F03184-BF62-4322-A340-3CA4125462F3}.Release|iPhoneSimulator.ActiveCfg = Release|Any CPU
		{00F03184-BF62-4322-A340-3CA4125462F3}.Release|iPhoneSimulator.Build.0 = Release|Any CPU
		{00F03184-BF62-4322-A340-3CA4125462F3}.Release|x64.ActiveCfg = Release|Any CPU
		{00F03184-BF62-4322-A340-3CA4125462F3}.Release|x64.Build.0 = Release|Any CPU
		{00F03184-BF62-4322-A340-3CA4125462F3}.Release|x86.ActiveCfg = Release|Any CPU
		{00F03184-BF62-4322-A340-3CA4125462F3}.Release|x86.Build.0 = Release|Any CPU
		{3AEAABD0-F310-47D2-87A4-3E813EEE4F1D}.Ad-Hoc|Any CPU.ActiveCfg = Release|Any CPU
		{3AEAABD0-F310-47D2-87A4-3E813EEE4F1D}.Ad-Hoc|Any CPU.Build.0 = Release|Any CPU
		{3AEAABD0-F310-47D2-87A4-3E813EEE4F1D}.Ad-Hoc|ARM.ActiveCfg = Release|Any CPU
		{3AEAABD0-F310-47D2-87A4-3E813EEE4F1D}.Ad-Hoc|ARM.Build.0 = Release|Any CPU
		{3AEAABD0-F310-47D2-87A4-3E813EEE4F1D}.Ad-Hoc|iPhone.ActiveCfg = Release|Any CPU
		{3AEAABD0-F310-47D2-87A4-3E813EEE4F1D}.Ad-Hoc|iPhone.Build.0 = Release|Any CPU
		{3AEAABD0-F310-47D2-87A4-3E813EEE4F1D}.Ad-Hoc|iPhoneSimulator.ActiveCfg = Release|Any CPU
		{3AEAABD0-F310-47D2-87A4-3E813EEE4F1D}.Ad-Hoc|iPhoneSimulator.Build.0 = Release|Any CPU
		{3AEAABD0-F310-47D2-87A4-3E813EEE4F1D}.Ad-Hoc|x64.ActiveCfg = Release|Any CPU
		{3AEAABD0-F310-47D2-87A4-3E813EEE4F1D}.Ad-Hoc|x64.Build.0 = Release|Any CPU
		{3AEAABD0-F310-47D2-87A4-3E813EEE4F1D}.Ad-Hoc|x86.ActiveCfg = Release|Any CPU
		{3AEAABD0-F310-47D2-87A4-3E813EEE4F1D}.Ad-Hoc|x86.Build.0 = Release|Any CPU
		{3AEAABD0-F310-47D2-87A4-3E813EEE4F1D}.AppStore|Any CPU.ActiveCfg = Release|Any CPU
		{3AEAABD0-F310-47D2-87A4-3E813EEE4F1D}.AppStore|Any CPU.Build.0 = Release|Any CPU
		{3AEAABD0-F310-47D2-87A4-3E813EEE4F1D}.AppStore|ARM.ActiveCfg = Release|Any CPU
		{3AEAABD0-F310-47D2-87A4-3E813EEE4F1D}.AppStore|ARM.Build.0 = Release|Any CPU
		{3AEAABD0-F310-47D2-87A4-3E813EEE4F1D}.AppStore|iPhone.ActiveCfg = Release|Any CPU
		{3AEAABD0-F310-47D2-87A4-3E813EEE4F1D}.AppStore|iPhone.Build.0 = Release|Any CPU
		{3AEAABD0-F310-47D2-87A4-3E813EEE4F1D}.AppStore|iPhoneSimulator.ActiveCfg = Release|Any CPU
		{3AEAABD0-F310-47D2-87A4-3E813EEE4F1D}.AppStore|iPhoneSimulator.Build.0 = Release|Any CPU
		{3AEAABD0-F310-47D2-87A4-3E813EEE4F1D}.AppStore|x64.ActiveCfg = Release|Any CPU
		{3AEAABD0-F310-47D2-87A4-3E813EEE4F1D}.AppStore|x64.Build.0 = Release|Any CPU
		{3AEAABD0-F310-47D2-87A4-3E813EEE4F1D}.AppStore|x86.ActiveCfg = Release|Any CPU
		{3AEAABD0-F310-47D2-87A4-3E813EEE4F1D}.AppStore|x86.Build.0 = Release|Any CPU
		{3AEAABD0-F310-47D2-87A4-3E813EEE4F1D}.Debug|Any CPU.ActiveCfg = Debug|Any CPU
		{3AEAABD0-F310-47D2-87A4-3E813EEE4F1D}.Debug|Any CPU.Build.0 = Debug|Any CPU
		{3AEAABD0-F310-47D2-87A4-3E813EEE4F1D}.Debug|ARM.ActiveCfg = Debug|Any CPU
		{3AEAABD0-F310-47D2-87A4-3E813EEE4F1D}.Debug|ARM.Build.0 = Debug|Any CPU
		{3AEAABD0-F310-47D2-87A4-3E813EEE4F1D}.Debug|iPhone.ActiveCfg = Debug|Any CPU
		{3AEAABD0-F310-47D2-87A4-3E813EEE4F1D}.Debug|iPhone.Build.0 = Debug|Any CPU
		{3AEAABD0-F310-47D2-87A4-3E813EEE4F1D}.Debug|iPhoneSimulator.ActiveCfg = Debug|Any CPU
		{3AEAABD0-F310-47D2-87A4-3E813EEE4F1D}.Debug|iPhoneSimulator.Build.0 = Debug|Any CPU
		{3AEAABD0-F310-47D2-87A4-3E813EEE4F1D}.Debug|x64.ActiveCfg = Debug|Any CPU
		{3AEAABD0-F310-47D2-87A4-3E813EEE4F1D}.Debug|x64.Build.0 = Debug|Any CPU
		{3AEAABD0-F310-47D2-87A4-3E813EEE4F1D}.Debug|x86.ActiveCfg = Debug|Any CPU
		{3AEAABD0-F310-47D2-87A4-3E813EEE4F1D}.Debug|x86.Build.0 = Debug|Any CPU
		{3AEAABD0-F310-47D2-87A4-3E813EEE4F1D}.Release|Any CPU.ActiveCfg = Release|Any CPU
		{3AEAABD0-F310-47D2-87A4-3E813EEE4F1D}.Release|Any CPU.Build.0 = Release|Any CPU
		{3AEAABD0-F310-47D2-87A4-3E813EEE4F1D}.Release|ARM.ActiveCfg = Release|Any CPU
		{3AEAABD0-F310-47D2-87A4-3E813EEE4F1D}.Release|ARM.Build.0 = Release|Any CPU
		{3AEAABD0-F310-47D2-87A4-3E813EEE4F1D}.Release|iPhone.ActiveCfg = Release|Any CPU
		{3AEAABD0-F310-47D2-87A4-3E813EEE4F1D}.Release|iPhone.Build.0 = Release|Any CPU
		{3AEAABD0-F310-47D2-87A4-3E813EEE4F1D}.Release|iPhoneSimulator.ActiveCfg = Release|Any CPU
		{3AEAABD0-F310-47D2-87A4-3E813EEE4F1D}.Release|iPhoneSimulator.Build.0 = Release|Any CPU
		{3AEAABD0-F310-47D2-87A4-3E813EEE4F1D}.Release|x64.ActiveCfg = Release|Any CPU
		{3AEAABD0-F310-47D2-87A4-3E813EEE4F1D}.Release|x64.Build.0 = Release|Any CPU
		{3AEAABD0-F310-47D2-87A4-3E813EEE4F1D}.Release|x86.ActiveCfg = Release|Any CPU
		{3AEAABD0-F310-47D2-87A4-3E813EEE4F1D}.Release|x86.Build.0 = Release|Any CPU
		{6AC0DBAE-7DC2-4B76-9E4E-B20866AEA7D5}.Ad-Hoc|Any CPU.ActiveCfg = Release|Any CPU
		{6AC0DBAE-7DC2-4B76-9E4E-B20866AEA7D5}.Ad-Hoc|Any CPU.Build.0 = Release|Any CPU
		{6AC0DBAE-7DC2-4B76-9E4E-B20866AEA7D5}.Ad-Hoc|ARM.ActiveCfg = Release|Any CPU
		{6AC0DBAE-7DC2-4B76-9E4E-B20866AEA7D5}.Ad-Hoc|ARM.Build.0 = Release|Any CPU
		{6AC0DBAE-7DC2-4B76-9E4E-B20866AEA7D5}.Ad-Hoc|iPhone.ActiveCfg = Release|Any CPU
		{6AC0DBAE-7DC2-4B76-9E4E-B20866AEA7D5}.Ad-Hoc|iPhone.Build.0 = Release|Any CPU
		{6AC0DBAE-7DC2-4B76-9E4E-B20866AEA7D5}.Ad-Hoc|iPhoneSimulator.ActiveCfg = Release|Any CPU
		{6AC0DBAE-7DC2-4B76-9E4E-B20866AEA7D5}.Ad-Hoc|iPhoneSimulator.Build.0 = Release|Any CPU
		{6AC0DBAE-7DC2-4B76-9E4E-B20866AEA7D5}.Ad-Hoc|x64.ActiveCfg = Release|Any CPU
		{6AC0DBAE-7DC2-4B76-9E4E-B20866AEA7D5}.Ad-Hoc|x64.Build.0 = Release|Any CPU
		{6AC0DBAE-7DC2-4B76-9E4E-B20866AEA7D5}.Ad-Hoc|x86.ActiveCfg = Release|Any CPU
		{6AC0DBAE-7DC2-4B76-9E4E-B20866AEA7D5}.Ad-Hoc|x86.Build.0 = Release|Any CPU
		{6AC0DBAE-7DC2-4B76-9E4E-B20866AEA7D5}.AppStore|Any CPU.ActiveCfg = Release|Any CPU
		{6AC0DBAE-7DC2-4B76-9E4E-B20866AEA7D5}.AppStore|Any CPU.Build.0 = Release|Any CPU
		{6AC0DBAE-7DC2-4B76-9E4E-B20866AEA7D5}.AppStore|ARM.ActiveCfg = Release|Any CPU
		{6AC0DBAE-7DC2-4B76-9E4E-B20866AEA7D5}.AppStore|ARM.Build.0 = Release|Any CPU
		{6AC0DBAE-7DC2-4B76-9E4E-B20866AEA7D5}.AppStore|iPhone.ActiveCfg = Release|Any CPU
		{6AC0DBAE-7DC2-4B76-9E4E-B20866AEA7D5}.AppStore|iPhone.Build.0 = Release|Any CPU
		{6AC0DBAE-7DC2-4B76-9E4E-B20866AEA7D5}.AppStore|iPhoneSimulator.ActiveCfg = Release|Any CPU
		{6AC0DBAE-7DC2-4B76-9E4E-B20866AEA7D5}.AppStore|iPhoneSimulator.Build.0 = Release|Any CPU
		{6AC0DBAE-7DC2-4B76-9E4E-B20866AEA7D5}.AppStore|x64.ActiveCfg = Release|Any CPU
		{6AC0DBAE-7DC2-4B76-9E4E-B20866AEA7D5}.AppStore|x64.Build.0 = Release|Any CPU
		{6AC0DBAE-7DC2-4B76-9E4E-B20866AEA7D5}.AppStore|x86.ActiveCfg = Release|Any CPU
		{6AC0DBAE-7DC2-4B76-9E4E-B20866AEA7D5}.AppStore|x86.Build.0 = Release|Any CPU
		{6AC0DBAE-7DC2-4B76-9E4E-B20866AEA7D5}.Debug|Any CPU.ActiveCfg = Debug|Any CPU
		{6AC0DBAE-7DC2-4B76-9E4E-B20866AEA7D5}.Debug|Any CPU.Build.0 = Debug|Any CPU
		{6AC0DBAE-7DC2-4B76-9E4E-B20866AEA7D5}.Debug|ARM.ActiveCfg = Debug|Any CPU
		{6AC0DBAE-7DC2-4B76-9E4E-B20866AEA7D5}.Debug|ARM.Build.0 = Debug|Any CPU
		{6AC0DBAE-7DC2-4B76-9E4E-B20866AEA7D5}.Debug|iPhone.ActiveCfg = Debug|Any CPU
		{6AC0DBAE-7DC2-4B76-9E4E-B20866AEA7D5}.Debug|iPhone.Build.0 = Debug|Any CPU
		{6AC0DBAE-7DC2-4B76-9E4E-B20866AEA7D5}.Debug|iPhoneSimulator.ActiveCfg = Debug|Any CPU
		{6AC0DBAE-7DC2-4B76-9E4E-B20866AEA7D5}.Debug|iPhoneSimulator.Build.0 = Debug|Any CPU
		{6AC0DBAE-7DC2-4B76-9E4E-B20866AEA7D5}.Debug|x64.ActiveCfg = Debug|Any CPU
		{6AC0DBAE-7DC2-4B76-9E4E-B20866AEA7D5}.Debug|x64.Build.0 = Debug|Any CPU
		{6AC0DBAE-7DC2-4B76-9E4E-B20866AEA7D5}.Debug|x86.ActiveCfg = Debug|Any CPU
		{6AC0DBAE-7DC2-4B76-9E4E-B20866AEA7D5}.Debug|x86.Build.0 = Debug|Any CPU
		{6AC0DBAE-7DC2-4B76-9E4E-B20866AEA7D5}.Release|Any CPU.ActiveCfg = Release|Any CPU
		{6AC0DBAE-7DC2-4B76-9E4E-B20866AEA7D5}.Release|Any CPU.Build.0 = Release|Any CPU
		{6AC0DBAE-7DC2-4B76-9E4E-B20866AEA7D5}.Release|ARM.ActiveCfg = Release|Any CPU
		{6AC0DBAE-7DC2-4B76-9E4E-B20866AEA7D5}.Release|ARM.Build.0 = Release|Any CPU
		{6AC0DBAE-7DC2-4B76-9E4E-B20866AEA7D5}.Release|iPhone.ActiveCfg = Release|Any CPU
		{6AC0DBAE-7DC2-4B76-9E4E-B20866AEA7D5}.Release|iPhone.Build.0 = Release|Any CPU
		{6AC0DBAE-7DC2-4B76-9E4E-B20866AEA7D5}.Release|iPhoneSimulator.ActiveCfg = Release|Any CPU
		{6AC0DBAE-7DC2-4B76-9E4E-B20866AEA7D5}.Release|iPhoneSimulator.Build.0 = Release|Any CPU
		{6AC0DBAE-7DC2-4B76-9E4E-B20866AEA7D5}.Release|x64.ActiveCfg = Release|Any CPU
		{6AC0DBAE-7DC2-4B76-9E4E-B20866AEA7D5}.Release|x64.Build.0 = Release|Any CPU
		{6AC0DBAE-7DC2-4B76-9E4E-B20866AEA7D5}.Release|x86.ActiveCfg = Release|Any CPU
		{6AC0DBAE-7DC2-4B76-9E4E-B20866AEA7D5}.Release|x86.Build.0 = Release|Any CPU
		{E5EF66A3-4488-4A7B-BE1E-66C0470AD7C0}.Ad-Hoc|Any CPU.ActiveCfg = Release|Any CPU
		{E5EF66A3-4488-4A7B-BE1E-66C0470AD7C0}.Ad-Hoc|Any CPU.Build.0 = Release|Any CPU
		{E5EF66A3-4488-4A7B-BE1E-66C0470AD7C0}.Ad-Hoc|ARM.ActiveCfg = Release|Any CPU
		{E5EF66A3-4488-4A7B-BE1E-66C0470AD7C0}.Ad-Hoc|ARM.Build.0 = Release|Any CPU
		{E5EF66A3-4488-4A7B-BE1E-66C0470AD7C0}.Ad-Hoc|iPhone.ActiveCfg = Release|Any CPU
		{E5EF66A3-4488-4A7B-BE1E-66C0470AD7C0}.Ad-Hoc|iPhone.Build.0 = Release|Any CPU
		{E5EF66A3-4488-4A7B-BE1E-66C0470AD7C0}.Ad-Hoc|iPhoneSimulator.ActiveCfg = Release|Any CPU
		{E5EF66A3-4488-4A7B-BE1E-66C0470AD7C0}.Ad-Hoc|iPhoneSimulator.Build.0 = Release|Any CPU
		{E5EF66A3-4488-4A7B-BE1E-66C0470AD7C0}.Ad-Hoc|x64.ActiveCfg = Release|Any CPU
		{E5EF66A3-4488-4A7B-BE1E-66C0470AD7C0}.Ad-Hoc|x64.Build.0 = Release|Any CPU
		{E5EF66A3-4488-4A7B-BE1E-66C0470AD7C0}.Ad-Hoc|x86.ActiveCfg = Release|Any CPU
		{E5EF66A3-4488-4A7B-BE1E-66C0470AD7C0}.Ad-Hoc|x86.Build.0 = Release|Any CPU
		{E5EF66A3-4488-4A7B-BE1E-66C0470AD7C0}.AppStore|Any CPU.ActiveCfg = Release|Any CPU
		{E5EF66A3-4488-4A7B-BE1E-66C0470AD7C0}.AppStore|Any CPU.Build.0 = Release|Any CPU
		{E5EF66A3-4488-4A7B-BE1E-66C0470AD7C0}.AppStore|ARM.ActiveCfg = Release|Any CPU
		{E5EF66A3-4488-4A7B-BE1E-66C0470AD7C0}.AppStore|ARM.Build.0 = Release|Any CPU
		{E5EF66A3-4488-4A7B-BE1E-66C0470AD7C0}.AppStore|iPhone.ActiveCfg = Release|Any CPU
		{E5EF66A3-4488-4A7B-BE1E-66C0470AD7C0}.AppStore|iPhone.Build.0 = Release|Any CPU
		{E5EF66A3-4488-4A7B-BE1E-66C0470AD7C0}.AppStore|iPhoneSimulator.ActiveCfg = Release|Any CPU
		{E5EF66A3-4488-4A7B-BE1E-66C0470AD7C0}.AppStore|iPhoneSimulator.Build.0 = Release|Any CPU
		{E5EF66A3-4488-4A7B-BE1E-66C0470AD7C0}.AppStore|x64.ActiveCfg = Release|Any CPU
		{E5EF66A3-4488-4A7B-BE1E-66C0470AD7C0}.AppStore|x64.Build.0 = Release|Any CPU
		{E5EF66A3-4488-4A7B-BE1E-66C0470AD7C0}.AppStore|x86.ActiveCfg = Release|Any CPU
		{E5EF66A3-4488-4A7B-BE1E-66C0470AD7C0}.AppStore|x86.Build.0 = Release|Any CPU
		{E5EF66A3-4488-4A7B-BE1E-66C0470AD7C0}.Debug|Any CPU.ActiveCfg = Debug|Any CPU
		{E5EF66A3-4488-4A7B-BE1E-66C0470AD7C0}.Debug|Any CPU.Build.0 = Debug|Any CPU
		{E5EF66A3-4488-4A7B-BE1E-66C0470AD7C0}.Debug|ARM.ActiveCfg = Debug|Any CPU
		{E5EF66A3-4488-4A7B-BE1E-66C0470AD7C0}.Debug|ARM.Build.0 = Debug|Any CPU
		{E5EF66A3-4488-4A7B-BE1E-66C0470AD7C0}.Debug|iPhone.ActiveCfg = Debug|Any CPU
		{E5EF66A3-4488-4A7B-BE1E-66C0470AD7C0}.Debug|iPhone.Build.0 = Debug|Any CPU
		{E5EF66A3-4488-4A7B-BE1E-66C0470AD7C0}.Debug|iPhoneSimulator.ActiveCfg = Debug|Any CPU
		{E5EF66A3-4488-4A7B-BE1E-66C0470AD7C0}.Debug|iPhoneSimulator.Build.0 = Debug|Any CPU
		{E5EF66A3-4488-4A7B-BE1E-66C0470AD7C0}.Debug|x64.ActiveCfg = Debug|Any CPU
		{E5EF66A3-4488-4A7B-BE1E-66C0470AD7C0}.Debug|x64.Build.0 = Debug|Any CPU
		{E5EF66A3-4488-4A7B-BE1E-66C0470AD7C0}.Debug|x86.ActiveCfg = Debug|Any CPU
		{E5EF66A3-4488-4A7B-BE1E-66C0470AD7C0}.Debug|x86.Build.0 = Debug|Any CPU
		{E5EF66A3-4488-4A7B-BE1E-66C0470AD7C0}.Release|Any CPU.ActiveCfg = Release|Any CPU
		{E5EF66A3-4488-4A7B-BE1E-66C0470AD7C0}.Release|Any CPU.Build.0 = Release|Any CPU
		{E5EF66A3-4488-4A7B-BE1E-66C0470AD7C0}.Release|ARM.ActiveCfg = Release|Any CPU
		{E5EF66A3-4488-4A7B-BE1E-66C0470AD7C0}.Release|ARM.Build.0 = Release|Any CPU
		{E5EF66A3-4488-4A7B-BE1E-66C0470AD7C0}.Release|iPhone.ActiveCfg = Release|Any CPU
		{E5EF66A3-4488-4A7B-BE1E-66C0470AD7C0}.Release|iPhone.Build.0 = Release|Any CPU
		{E5EF66A3-4488-4A7B-BE1E-66C0470AD7C0}.Release|iPhoneSimulator.ActiveCfg = Release|Any CPU
		{E5EF66A3-4488-4A7B-BE1E-66C0470AD7C0}.Release|iPhoneSimulator.Build.0 = Release|Any CPU
		{E5EF66A3-4488-4A7B-BE1E-66C0470AD7C0}.Release|x64.ActiveCfg = Release|Any CPU
		{E5EF66A3-4488-4A7B-BE1E-66C0470AD7C0}.Release|x64.Build.0 = Release|Any CPU
		{E5EF66A3-4488-4A7B-BE1E-66C0470AD7C0}.Release|x86.ActiveCfg = Release|Any CPU
		{E5EF66A3-4488-4A7B-BE1E-66C0470AD7C0}.Release|x86.Build.0 = Release|Any CPU
		{E4C54800-4F95-432A-BC88-B0F22EA83E41}.Ad-Hoc|Any CPU.ActiveCfg = Release|Any CPU
		{E4C54800-4F95-432A-BC88-B0F22EA83E41}.Ad-Hoc|Any CPU.Build.0 = Release|Any CPU
		{E4C54800-4F95-432A-BC88-B0F22EA83E41}.Ad-Hoc|ARM.ActiveCfg = Release|Any CPU
		{E4C54800-4F95-432A-BC88-B0F22EA83E41}.Ad-Hoc|ARM.Build.0 = Release|Any CPU
		{E4C54800-4F95-432A-BC88-B0F22EA83E41}.Ad-Hoc|iPhone.ActiveCfg = Release|Any CPU
		{E4C54800-4F95-432A-BC88-B0F22EA83E41}.Ad-Hoc|iPhone.Build.0 = Release|Any CPU
		{E4C54800-4F95-432A-BC88-B0F22EA83E41}.Ad-Hoc|iPhoneSimulator.ActiveCfg = Release|Any CPU
		{E4C54800-4F95-432A-BC88-B0F22EA83E41}.Ad-Hoc|iPhoneSimulator.Build.0 = Release|Any CPU
		{E4C54800-4F95-432A-BC88-B0F22EA83E41}.Ad-Hoc|x64.ActiveCfg = Release|Any CPU
		{E4C54800-4F95-432A-BC88-B0F22EA83E41}.Ad-Hoc|x64.Build.0 = Release|Any CPU
		{E4C54800-4F95-432A-BC88-B0F22EA83E41}.Ad-Hoc|x86.ActiveCfg = Release|Any CPU
		{E4C54800-4F95-432A-BC88-B0F22EA83E41}.Ad-Hoc|x86.Build.0 = Release|Any CPU
		{E4C54800-4F95-432A-BC88-B0F22EA83E41}.AppStore|Any CPU.ActiveCfg = Release|Any CPU
		{E4C54800-4F95-432A-BC88-B0F22EA83E41}.AppStore|Any CPU.Build.0 = Release|Any CPU
		{E4C54800-4F95-432A-BC88-B0F22EA83E41}.AppStore|ARM.ActiveCfg = Release|Any CPU
		{E4C54800-4F95-432A-BC88-B0F22EA83E41}.AppStore|ARM.Build.0 = Release|Any CPU
		{E4C54800-4F95-432A-BC88-B0F22EA83E41}.AppStore|iPhone.ActiveCfg = Release|Any CPU
		{E4C54800-4F95-432A-BC88-B0F22EA83E41}.AppStore|iPhone.Build.0 = Release|Any CPU
		{E4C54800-4F95-432A-BC88-B0F22EA83E41}.AppStore|iPhoneSimulator.ActiveCfg = Release|Any CPU
		{E4C54800-4F95-432A-BC88-B0F22EA83E41}.AppStore|iPhoneSimulator.Build.0 = Release|Any CPU
		{E4C54800-4F95-432A-BC88-B0F22EA83E41}.AppStore|x64.ActiveCfg = Release|Any CPU
		{E4C54800-4F95-432A-BC88-B0F22EA83E41}.AppStore|x64.Build.0 = Release|Any CPU
		{E4C54800-4F95-432A-BC88-B0F22EA83E41}.AppStore|x86.ActiveCfg = Release|Any CPU
		{E4C54800-4F95-432A-BC88-B0F22EA83E41}.AppStore|x86.Build.0 = Release|Any CPU
		{E4C54800-4F95-432A-BC88-B0F22EA83E41}.Debug|Any CPU.ActiveCfg = Debug|Any CPU
		{E4C54800-4F95-432A-BC88-B0F22EA83E41}.Debug|Any CPU.Build.0 = Debug|Any CPU
		{E4C54800-4F95-432A-BC88-B0F22EA83E41}.Debug|ARM.ActiveCfg = Debug|Any CPU
		{E4C54800-4F95-432A-BC88-B0F22EA83E41}.Debug|ARM.Build.0 = Debug|Any CPU
		{E4C54800-4F95-432A-BC88-B0F22EA83E41}.Debug|iPhone.ActiveCfg = Debug|Any CPU
		{E4C54800-4F95-432A-BC88-B0F22EA83E41}.Debug|iPhone.Build.0 = Debug|Any CPU
		{E4C54800-4F95-432A-BC88-B0F22EA83E41}.Debug|iPhoneSimulator.ActiveCfg = Debug|Any CPU
		{E4C54800-4F95-432A-BC88-B0F22EA83E41}.Debug|iPhoneSimulator.Build.0 = Debug|Any CPU
		{E4C54800-4F95-432A-BC88-B0F22EA83E41}.Debug|x64.ActiveCfg = Debug|Any CPU
		{E4C54800-4F95-432A-BC88-B0F22EA83E41}.Debug|x64.Build.0 = Debug|Any CPU
		{E4C54800-4F95-432A-BC88-B0F22EA83E41}.Debug|x86.ActiveCfg = Debug|Any CPU
		{E4C54800-4F95-432A-BC88-B0F22EA83E41}.Debug|x86.Build.0 = Debug|Any CPU
		{E4C54800-4F95-432A-BC88-B0F22EA83E41}.Release|Any CPU.ActiveCfg = Release|Any CPU
		{E4C54800-4F95-432A-BC88-B0F22EA83E41}.Release|Any CPU.Build.0 = Release|Any CPU
		{E4C54800-4F95-432A-BC88-B0F22EA83E41}.Release|ARM.ActiveCfg = Release|Any CPU
		{E4C54800-4F95-432A-BC88-B0F22EA83E41}.Release|ARM.Build.0 = Release|Any CPU
		{E4C54800-4F95-432A-BC88-B0F22EA83E41}.Release|iPhone.ActiveCfg = Release|Any CPU
		{E4C54800-4F95-432A-BC88-B0F22EA83E41}.Release|iPhone.Build.0 = Release|Any CPU
		{E4C54800-4F95-432A-BC88-B0F22EA83E41}.Release|iPhoneSimulator.ActiveCfg = Release|Any CPU
		{E4C54800-4F95-432A-BC88-B0F22EA83E41}.Release|iPhoneSimulator.Build.0 = Release|Any CPU
		{E4C54800-4F95-432A-BC88-B0F22EA83E41}.Release|x64.ActiveCfg = Release|Any CPU
		{E4C54800-4F95-432A-BC88-B0F22EA83E41}.Release|x64.Build.0 = Release|Any CPU
		{E4C54800-4F95-432A-BC88-B0F22EA83E41}.Release|x86.ActiveCfg = Release|Any CPU
		{E4C54800-4F95-432A-BC88-B0F22EA83E41}.Release|x86.Build.0 = Release|Any CPU
		{477AEDE5-A5FE-44A8-8C21-1D5929C8E2FD}.Ad-Hoc|Any CPU.ActiveCfg = Release|Any CPU
		{477AEDE5-A5FE-44A8-8C21-1D5929C8E2FD}.Ad-Hoc|Any CPU.Build.0 = Release|Any CPU
		{477AEDE5-A5FE-44A8-8C21-1D5929C8E2FD}.Ad-Hoc|ARM.ActiveCfg = Release|Any CPU
		{477AEDE5-A5FE-44A8-8C21-1D5929C8E2FD}.Ad-Hoc|ARM.Build.0 = Release|Any CPU
		{477AEDE5-A5FE-44A8-8C21-1D5929C8E2FD}.Ad-Hoc|iPhone.ActiveCfg = Release|Any CPU
		{477AEDE5-A5FE-44A8-8C21-1D5929C8E2FD}.Ad-Hoc|iPhone.Build.0 = Release|Any CPU
		{477AEDE5-A5FE-44A8-8C21-1D5929C8E2FD}.Ad-Hoc|iPhoneSimulator.ActiveCfg = Release|Any CPU
		{477AEDE5-A5FE-44A8-8C21-1D5929C8E2FD}.Ad-Hoc|iPhoneSimulator.Build.0 = Release|Any CPU
		{477AEDE5-A5FE-44A8-8C21-1D5929C8E2FD}.Ad-Hoc|x64.ActiveCfg = Release|Any CPU
		{477AEDE5-A5FE-44A8-8C21-1D5929C8E2FD}.Ad-Hoc|x64.Build.0 = Release|Any CPU
		{477AEDE5-A5FE-44A8-8C21-1D5929C8E2FD}.Ad-Hoc|x86.ActiveCfg = Release|Any CPU
		{477AEDE5-A5FE-44A8-8C21-1D5929C8E2FD}.Ad-Hoc|x86.Build.0 = Release|Any CPU
		{477AEDE5-A5FE-44A8-8C21-1D5929C8E2FD}.AppStore|Any CPU.ActiveCfg = Release|Any CPU
		{477AEDE5-A5FE-44A8-8C21-1D5929C8E2FD}.AppStore|Any CPU.Build.0 = Release|Any CPU
		{477AEDE5-A5FE-44A8-8C21-1D5929C8E2FD}.AppStore|ARM.ActiveCfg = Release|Any CPU
		{477AEDE5-A5FE-44A8-8C21-1D5929C8E2FD}.AppStore|ARM.Build.0 = Release|Any CPU
		{477AEDE5-A5FE-44A8-8C21-1D5929C8E2FD}.AppStore|iPhone.ActiveCfg = Release|Any CPU
		{477AEDE5-A5FE-44A8-8C21-1D5929C8E2FD}.AppStore|iPhone.Build.0 = Release|Any CPU
		{477AEDE5-A5FE-44A8-8C21-1D5929C8E2FD}.AppStore|iPhoneSimulator.ActiveCfg = Release|Any CPU
		{477AEDE5-A5FE-44A8-8C21-1D5929C8E2FD}.AppStore|iPhoneSimulator.Build.0 = Release|Any CPU
		{477AEDE5-A5FE-44A8-8C21-1D5929C8E2FD}.AppStore|x64.ActiveCfg = Release|Any CPU
		{477AEDE5-A5FE-44A8-8C21-1D5929C8E2FD}.AppStore|x64.Build.0 = Release|Any CPU
		{477AEDE5-A5FE-44A8-8C21-1D5929C8E2FD}.AppStore|x86.ActiveCfg = Release|Any CPU
		{477AEDE5-A5FE-44A8-8C21-1D5929C8E2FD}.AppStore|x86.Build.0 = Release|Any CPU
		{477AEDE5-A5FE-44A8-8C21-1D5929C8E2FD}.Debug|Any CPU.ActiveCfg = Debug|Any CPU
		{477AEDE5-A5FE-44A8-8C21-1D5929C8E2FD}.Debug|Any CPU.Build.0 = Debug|Any CPU
		{477AEDE5-A5FE-44A8-8C21-1D5929C8E2FD}.Debug|ARM.ActiveCfg = Debug|Any CPU
		{477AEDE5-A5FE-44A8-8C21-1D5929C8E2FD}.Debug|ARM.Build.0 = Debug|Any CPU
		{477AEDE5-A5FE-44A8-8C21-1D5929C8E2FD}.Debug|iPhone.ActiveCfg = Debug|Any CPU
		{477AEDE5-A5FE-44A8-8C21-1D5929C8E2FD}.Debug|iPhone.Build.0 = Debug|Any CPU
		{477AEDE5-A5FE-44A8-8C21-1D5929C8E2FD}.Debug|iPhoneSimulator.ActiveCfg = Debug|Any CPU
		{477AEDE5-A5FE-44A8-8C21-1D5929C8E2FD}.Debug|iPhoneSimulator.Build.0 = Debug|Any CPU
		{477AEDE5-A5FE-44A8-8C21-1D5929C8E2FD}.Debug|x64.ActiveCfg = Debug|Any CPU
		{477AEDE5-A5FE-44A8-8C21-1D5929C8E2FD}.Debug|x64.Build.0 = Debug|Any CPU
		{477AEDE5-A5FE-44A8-8C21-1D5929C8E2FD}.Debug|x86.ActiveCfg = Debug|Any CPU
		{477AEDE5-A5FE-44A8-8C21-1D5929C8E2FD}.Debug|x86.Build.0 = Debug|Any CPU
		{477AEDE5-A5FE-44A8-8C21-1D5929C8E2FD}.Release|Any CPU.ActiveCfg = Release|Any CPU
		{477AEDE5-A5FE-44A8-8C21-1D5929C8E2FD}.Release|Any CPU.Build.0 = Release|Any CPU
		{477AEDE5-A5FE-44A8-8C21-1D5929C8E2FD}.Release|ARM.ActiveCfg = Release|Any CPU
		{477AEDE5-A5FE-44A8-8C21-1D5929C8E2FD}.Release|ARM.Build.0 = Release|Any CPU
		{477AEDE5-A5FE-44A8-8C21-1D5929C8E2FD}.Release|iPhone.ActiveCfg = Release|Any CPU
		{477AEDE5-A5FE-44A8-8C21-1D5929C8E2FD}.Release|iPhone.Build.0 = Release|Any CPU
		{477AEDE5-A5FE-44A8-8C21-1D5929C8E2FD}.Release|iPhoneSimulator.ActiveCfg = Release|Any CPU
		{477AEDE5-A5FE-44A8-8C21-1D5929C8E2FD}.Release|iPhoneSimulator.Build.0 = Release|Any CPU
		{477AEDE5-A5FE-44A8-8C21-1D5929C8E2FD}.Release|x64.ActiveCfg = Release|Any CPU
		{477AEDE5-A5FE-44A8-8C21-1D5929C8E2FD}.Release|x64.Build.0 = Release|Any CPU
		{477AEDE5-A5FE-44A8-8C21-1D5929C8E2FD}.Release|x86.ActiveCfg = Release|Any CPU
		{477AEDE5-A5FE-44A8-8C21-1D5929C8E2FD}.Release|x86.Build.0 = Release|Any CPU
		{29B25285-C551-4196-86A6-7EF8AF16F0BC}.Ad-Hoc|Any CPU.ActiveCfg = Release|x64
		{29B25285-C551-4196-86A6-7EF8AF16F0BC}.Ad-Hoc|Any CPU.Build.0 = Release|x64
		{29B25285-C551-4196-86A6-7EF8AF16F0BC}.Ad-Hoc|Any CPU.Deploy.0 = Release|x64
		{29B25285-C551-4196-86A6-7EF8AF16F0BC}.Ad-Hoc|ARM.ActiveCfg = Release|ARM
		{29B25285-C551-4196-86A6-7EF8AF16F0BC}.Ad-Hoc|ARM.Build.0 = Release|ARM
		{29B25285-C551-4196-86A6-7EF8AF16F0BC}.Ad-Hoc|ARM.Deploy.0 = Release|ARM
		{29B25285-C551-4196-86A6-7EF8AF16F0BC}.Ad-Hoc|iPhone.ActiveCfg = Release|x64
		{29B25285-C551-4196-86A6-7EF8AF16F0BC}.Ad-Hoc|iPhone.Build.0 = Release|x64
		{29B25285-C551-4196-86A6-7EF8AF16F0BC}.Ad-Hoc|iPhone.Deploy.0 = Release|x64
		{29B25285-C551-4196-86A6-7EF8AF16F0BC}.Ad-Hoc|iPhoneSimulator.ActiveCfg = Release|x64
		{29B25285-C551-4196-86A6-7EF8AF16F0BC}.Ad-Hoc|iPhoneSimulator.Build.0 = Release|x64
		{29B25285-C551-4196-86A6-7EF8AF16F0BC}.Ad-Hoc|iPhoneSimulator.Deploy.0 = Release|x64
		{29B25285-C551-4196-86A6-7EF8AF16F0BC}.Ad-Hoc|x64.ActiveCfg = Release|x64
		{29B25285-C551-4196-86A6-7EF8AF16F0BC}.Ad-Hoc|x64.Build.0 = Release|x64
		{29B25285-C551-4196-86A6-7EF8AF16F0BC}.Ad-Hoc|x64.Deploy.0 = Release|x64
		{29B25285-C551-4196-86A6-7EF8AF16F0BC}.Ad-Hoc|x86.ActiveCfg = Release|x86
		{29B25285-C551-4196-86A6-7EF8AF16F0BC}.Ad-Hoc|x86.Build.0 = Release|x86
		{29B25285-C551-4196-86A6-7EF8AF16F0BC}.Ad-Hoc|x86.Deploy.0 = Release|x86
		{29B25285-C551-4196-86A6-7EF8AF16F0BC}.AppStore|Any CPU.ActiveCfg = Release|x64
		{29B25285-C551-4196-86A6-7EF8AF16F0BC}.AppStore|Any CPU.Build.0 = Release|x64
		{29B25285-C551-4196-86A6-7EF8AF16F0BC}.AppStore|Any CPU.Deploy.0 = Release|x64
		{29B25285-C551-4196-86A6-7EF8AF16F0BC}.AppStore|ARM.ActiveCfg = Release|ARM
		{29B25285-C551-4196-86A6-7EF8AF16F0BC}.AppStore|ARM.Build.0 = Release|ARM
		{29B25285-C551-4196-86A6-7EF8AF16F0BC}.AppStore|ARM.Deploy.0 = Release|ARM
		{29B25285-C551-4196-86A6-7EF8AF16F0BC}.AppStore|iPhone.ActiveCfg = Release|x64
		{29B25285-C551-4196-86A6-7EF8AF16F0BC}.AppStore|iPhone.Build.0 = Release|x64
		{29B25285-C551-4196-86A6-7EF8AF16F0BC}.AppStore|iPhone.Deploy.0 = Release|x64
		{29B25285-C551-4196-86A6-7EF8AF16F0BC}.AppStore|iPhoneSimulator.ActiveCfg = Release|x64
		{29B25285-C551-4196-86A6-7EF8AF16F0BC}.AppStore|iPhoneSimulator.Build.0 = Release|x64
		{29B25285-C551-4196-86A6-7EF8AF16F0BC}.AppStore|iPhoneSimulator.Deploy.0 = Release|x64
		{29B25285-C551-4196-86A6-7EF8AF16F0BC}.AppStore|x64.ActiveCfg = Release|x64
		{29B25285-C551-4196-86A6-7EF8AF16F0BC}.AppStore|x64.Build.0 = Release|x64
		{29B25285-C551-4196-86A6-7EF8AF16F0BC}.AppStore|x64.Deploy.0 = Release|x64
		{29B25285-C551-4196-86A6-7EF8AF16F0BC}.AppStore|x86.ActiveCfg = Release|x86
		{29B25285-C551-4196-86A6-7EF8AF16F0BC}.AppStore|x86.Build.0 = Release|x86
		{29B25285-C551-4196-86A6-7EF8AF16F0BC}.AppStore|x86.Deploy.0 = Release|x86
		{29B25285-C551-4196-86A6-7EF8AF16F0BC}.Debug|Any CPU.ActiveCfg = Debug|x86
		{29B25285-C551-4196-86A6-7EF8AF16F0BC}.Debug|Any CPU.Build.0 = Debug|x86
		{29B25285-C551-4196-86A6-7EF8AF16F0BC}.Debug|Any CPU.Deploy.0 = Debug|x86
		{29B25285-C551-4196-86A6-7EF8AF16F0BC}.Debug|ARM.ActiveCfg = Debug|ARM
		{29B25285-C551-4196-86A6-7EF8AF16F0BC}.Debug|ARM.Build.0 = Debug|ARM
		{29B25285-C551-4196-86A6-7EF8AF16F0BC}.Debug|ARM.Deploy.0 = Debug|ARM
		{29B25285-C551-4196-86A6-7EF8AF16F0BC}.Debug|iPhone.ActiveCfg = Debug|x86
		{29B25285-C551-4196-86A6-7EF8AF16F0BC}.Debug|iPhoneSimulator.ActiveCfg = Debug|x86
		{29B25285-C551-4196-86A6-7EF8AF16F0BC}.Debug|x64.ActiveCfg = Debug|x64
		{29B25285-C551-4196-86A6-7EF8AF16F0BC}.Debug|x64.Build.0 = Debug|x64
		{29B25285-C551-4196-86A6-7EF8AF16F0BC}.Debug|x64.Deploy.0 = Debug|x64
		{29B25285-C551-4196-86A6-7EF8AF16F0BC}.Debug|x86.ActiveCfg = Debug|x86
		{29B25285-C551-4196-86A6-7EF8AF16F0BC}.Debug|x86.Build.0 = Debug|x86
		{29B25285-C551-4196-86A6-7EF8AF16F0BC}.Debug|x86.Deploy.0 = Debug|x86
		{29B25285-C551-4196-86A6-7EF8AF16F0BC}.Release|Any CPU.ActiveCfg = Release|x86
		{29B25285-C551-4196-86A6-7EF8AF16F0BC}.Release|ARM.ActiveCfg = Release|ARM
		{29B25285-C551-4196-86A6-7EF8AF16F0BC}.Release|ARM.Build.0 = Release|ARM
		{29B25285-C551-4196-86A6-7EF8AF16F0BC}.Release|ARM.Deploy.0 = Release|ARM
		{29B25285-C551-4196-86A6-7EF8AF16F0BC}.Release|iPhone.ActiveCfg = Release|x86
		{29B25285-C551-4196-86A6-7EF8AF16F0BC}.Release|iPhoneSimulator.ActiveCfg = Release|x86
		{29B25285-C551-4196-86A6-7EF8AF16F0BC}.Release|x64.ActiveCfg = Release|x64
		{29B25285-C551-4196-86A6-7EF8AF16F0BC}.Release|x64.Build.0 = Release|x64
		{29B25285-C551-4196-86A6-7EF8AF16F0BC}.Release|x64.Deploy.0 = Release|x64
		{29B25285-C551-4196-86A6-7EF8AF16F0BC}.Release|x86.ActiveCfg = Release|x86
		{29B25285-C551-4196-86A6-7EF8AF16F0BC}.Release|x86.Build.0 = Release|x86
		{29B25285-C551-4196-86A6-7EF8AF16F0BC}.Release|x86.Deploy.0 = Release|x86
	EndGlobalSection
	GlobalSection(SolutionProperties) = preSolution
		HideSolutionNode = FALSE
	EndGlobalSection
	GlobalSection(NestedProjects) = preSolution
		{1D0155F7-AC11-400B-B2FD-B97E25861D22} = {0B5A7F77-5DA8-4343-9C00-795C6DE1A575}
		{94C98AB0-F5A1-446C-816D-183E63F5CDD7} = {717CA02A-2135-4E84-82F9-112DD1A646D5}
		{E62F86E9-442A-4C45-96ED-6C987B7C669E} = {717CA02A-2135-4E84-82F9-112DD1A646D5}
		{477AEDE5-A5FE-44A8-8C21-1D5929C8E2FD} = {0B5A7F77-5DA8-4343-9C00-795C6DE1A575}
		{29B25285-C551-4196-86A6-7EF8AF16F0BC} = {0B5A7F77-5DA8-4343-9C00-795C6DE1A575}
	EndGlobalSection
	GlobalSection(ExtensibilityGlobals) = postSolution
		SolutionGuid = {552211BB-4760-41B6-B922-33B921D864FB}
	EndGlobalSection
EndGlobal
